// !$*UTF8*$!
{
	archiveVersion = 1;
	classes = {
	};
	objectVersion = 50;
	objects = {

/* Begin PBXBuildFile section */
		DF48352121A5DE6B0025DF82 /* AppDelegate.swift in Sources */ = {isa = PBXBuildFile; fileRef = DF48352021A5DE6B0025DF82 /* AppDelegate.swift */; };
		DF48352321A5DE6B0025DF82 /* ViewController.swift in Sources */ = {isa = PBXBuildFile; fileRef = DF48352221A5DE6B0025DF82 /* ViewController.swift */; };
		DF48352621A5DE6B0025DF82 /* Main.storyboard in Resources */ = {isa = PBXBuildFile; fileRef = DF48352421A5DE6B0025DF82 /* Main.storyboard */; };
		DF48352821A5DE6C0025DF82 /* Assets.xcassets in Resources */ = {isa = PBXBuildFile; fileRef = DF48352721A5DE6C0025DF82 /* Assets.xcassets */; };
		DF48352B21A5DE6C0025DF82 /* LaunchScreen.storyboard in Resources */ = {isa = PBXBuildFile; fileRef = DF48352921A5DE6C0025DF82 /* LaunchScreen.storyboard */; };
		DF48353621A5DE6D0025DF82 /* CalculatorAppTests.swift in Sources */ = {isa = PBXBuildFile; fileRef = DF48353521A5DE6D0025DF82 /* CalculatorAppTests.swift */; };
		DF48354121A5DE6D0025DF82 /* CalculatorAppUITests.swift in Sources */ = {isa = PBXBuildFile; fileRef = DF48354021A5DE6D0025DF82 /* CalculatorAppUITests.swift */; };
/* End PBXBuildFile section */

/* Begin PBXContainerItemProxy section */
		DF48353221A5DE6D0025DF82 /* PBXContainerItemProxy */ = {
			isa = PBXContainerItemProxy;
			containerPortal = DF48351521A5DE6B0025DF82 /* Project object */;
			proxyType = 1;
			remoteGlobalIDString = DF48351C21A5DE6B0025DF82;
			remoteInfo = CalculatorApp;
		};
		DF48353D21A5DE6D0025DF82 /* PBXContainerItemProxy */ = {
			isa = PBXContainerItemProxy;
			containerPortal = DF48351521A5DE6B0025DF82 /* Project object */;
			proxyType = 1;
			remoteGlobalIDString = DF48351C21A5DE6B0025DF82;
			remoteInfo = CalculatorApp;
		};
/* End PBXContainerItemProxy section */

/* Begin PBXFileReference section */
		DF48351D21A5DE6B0025DF82 /* CalculatorApp.app */ = {isa = PBXFileReference; explicitFileType = wrapper.application; includeInIndex = 0; path = CalculatorApp.app; sourceTree = BUILT_PRODUCTS_DIR; };
		DF48352021A5DE6B0025DF82 /* AppDelegate.swift */ = {isa = PBXFileReference; lastKnownFileType = sourcecode.swift; path = AppDelegate.swift; sourceTree = "<group>"; };
		DF48352221A5DE6B0025DF82 /* ViewController.swift */ = {isa = PBXFileReference; lastKnownFileType = sourcecode.swift; path = ViewController.swift; sourceTree = "<group>"; };
		DF48352521A5DE6B0025DF82 /* Base */ = {isa = PBXFileReference; lastKnownFileType = file.storyboard; name = Base; path = Base.lproj/Main.storyboard; sourceTree = "<group>"; };
		DF48352721A5DE6C0025DF82 /* Assets.xcassets */ = {isa = PBXFileReference; lastKnownFileType = folder.assetcatalog; path = Assets.xcassets; sourceTree = "<group>"; };
		DF48352A21A5DE6C0025DF82 /* Base */ = {isa = PBXFileReference; lastKnownFileType = file.storyboard; name = Base; path = Base.lproj/LaunchScreen.storyboard; sourceTree = "<group>"; };
		DF48352C21A5DE6D0025DF82 /* Info.plist */ = {isa = PBXFileReference; lastKnownFileType = text.plist.xml; path = Info.plist; sourceTree = "<group>"; };
		DF48353121A5DE6D0025DF82 /* CalculatorAppTests.xctest */ = {isa = PBXFileReference; explicitFileType = wrapper.cfbundle; includeInIndex = 0; path = CalculatorAppTests.xctest; sourceTree = BUILT_PRODUCTS_DIR; };
		DF48353521A5DE6D0025DF82 /* CalculatorAppTests.swift */ = {isa = PBXFileReference; lastKnownFileType = sourcecode.swift; path = CalculatorAppTests.swift; sourceTree = "<group>"; };
		DF48353721A5DE6D0025DF82 /* Info.plist */ = {isa = PBXFileReference; lastKnownFileType = text.plist.xml; path = Info.plist; sourceTree = "<group>"; };
		DF48353C21A5DE6D0025DF82 /* CalculatorAppUITests.xctest */ = {isa = PBXFileReference; explicitFileType = wrapper.cfbundle; includeInIndex = 0; path = CalculatorAppUITests.xctest; sourceTree = BUILT_PRODUCTS_DIR; };
		DF48354021A5DE6D0025DF82 /* CalculatorAppUITests.swift */ = {isa = PBXFileReference; lastKnownFileType = sourcecode.swift; path = CalculatorAppUITests.swift; sourceTree = "<group>"; };
		DF48354221A5DE6D0025DF82 /* Info.plist */ = {isa = PBXFileReference; lastKnownFileType = text.plist.xml; path = Info.plist; sourceTree = "<group>"; };
/* End PBXFileReference section */

/* Begin PBXFrameworksBuildPhase section */
		DF48351A21A5DE6B0025DF82 /* Frameworks */ = {
			isa = PBXFrameworksBuildPhase;
			buildActionMask = 2147483647;
			files = (
			);
			runOnlyForDeploymentPostprocessing = 0;
		};
		DF48352E21A5DE6D0025DF82 /* Frameworks */ = {
			isa = PBXFrameworksBuildPhase;
			buildActionMask = 2147483647;
			files = (
			);
			runOnlyForDeploymentPostprocessing = 0;
		};
		DF48353921A5DE6D0025DF82 /* Frameworks */ = {
			isa = PBXFrameworksBuildPhase;
			buildActionMask = 2147483647;
			files = (
			);
			runOnlyForDeploymentPostprocessing = 0;
		};
/* End PBXFrameworksBuildPhase section */

/* Begin PBXGroup section */
		DF48351421A5DE6B0025DF82 = {
			isa = PBXGroup;
			children = (
				DF48351F21A5DE6B0025DF82 /* CalculatorApp */,
				DF48353421A5DE6D0025DF82 /* CalculatorAppTests */,
				DF48353F21A5DE6D0025DF82 /* CalculatorAppUITests */,
				DF48351E21A5DE6B0025DF82 /* Products */,
			);
			sourceTree = "<group>";
		};
		DF48351E21A5DE6B0025DF82 /* Products */ = {
			isa = PBXGroup;
			children = (
				DF48351D21A5DE6B0025DF82 /* CalculatorApp.app */,
				DF48353121A5DE6D0025DF82 /* CalculatorAppTests.xctest */,
				DF48353C21A5DE6D0025DF82 /* CalculatorAppUITests.xctest */,
			);
			name = Products;
			sourceTree = "<group>";
		};
		DF48351F21A5DE6B0025DF82 /* CalculatorApp */ = {
			isa = PBXGroup;
			children = (
				DF48352021A5DE6B0025DF82 /* AppDelegate.swift */,
				DF48352221A5DE6B0025DF82 /* ViewController.swift */,
				DF48352421A5DE6B0025DF82 /* Main.storyboard */,
				DF48352721A5DE6C0025DF82 /* Assets.xcassets */,
				DF48352921A5DE6C0025DF82 /* LaunchScreen.storyboard */,
				DF48352C21A5DE6D0025DF82 /* Info.plist */,
			);
			path = CalculatorApp;
			sourceTree = "<group>";
		};
		DF48353421A5DE6D0025DF82 /* CalculatorAppTests */ = {
			isa = PBXGroup;
			children = (
				DF48353521A5DE6D0025DF82 /* CalculatorAppTests.swift */,
				DF48353721A5DE6D0025DF82 /* Info.plist */,
			);
			path = CalculatorAppTests;
			sourceTree = "<group>";
		};
		DF48353F21A5DE6D0025DF82 /* CalculatorAppUITests */ = {
			isa = PBXGroup;
			children = (
				DF48354021A5DE6D0025DF82 /* CalculatorAppUITests.swift */,
				DF48354221A5DE6D0025DF82 /* Info.plist */,
			);
			path = CalculatorAppUITests;
			sourceTree = "<group>";
		};
/* End PBXGroup section */

/* Begin PBXNativeTarget section */
		DF48351C21A5DE6B0025DF82 /* CalculatorApp */ = {
			isa = PBXNativeTarget;
			buildConfigurationList = DF48354521A5DE6D0025DF82 /* Build configuration list for PBXNativeTarget "CalculatorApp" */;
			buildPhases = (
				DF48351921A5DE6B0025DF82 /* Sources */,
				DF48351A21A5DE6B0025DF82 /* Frameworks */,
				DF48351B21A5DE6B0025DF82 /* Resources */,
			);
			buildRules = (
			);
			dependencies = (
			);
			name = CalculatorApp;
			productName = CalculatorApp;
			productReference = DF48351D21A5DE6B0025DF82 /* CalculatorApp.app */;
			productType = "com.apple.product-type.application";
		};
		DF48353021A5DE6D0025DF82 /* CalculatorAppTests */ = {
			isa = PBXNativeTarget;
			buildConfigurationList = DF48354821A5DE6D0025DF82 /* Build configuration list for PBXNativeTarget "CalculatorAppTests" */;
			buildPhases = (
				DF48352D21A5DE6D0025DF82 /* Sources */,
				DF48352E21A5DE6D0025DF82 /* Frameworks */,
				DF48352F21A5DE6D0025DF82 /* Resources */,
			);
			buildRules = (
			);
			dependencies = (
				DF48353321A5DE6D0025DF82 /* PBXTargetDependency */,
			);
			name = CalculatorAppTests;
			productName = CalculatorAppTests;
			productReference = DF48353121A5DE6D0025DF82 /* CalculatorAppTests.xctest */;
			productType = "com.apple.product-type.bundle.unit-test";
		};
		DF48353B21A5DE6D0025DF82 /* CalculatorAppUITests */ = {
			isa = PBXNativeTarget;
			buildConfigurationList = DF48354B21A5DE6D0025DF82 /* Build configuration list for PBXNativeTarget "CalculatorAppUITests" */;
			buildPhases = (
				DF48353821A5DE6D0025DF82 /* Sources */,
				DF48353921A5DE6D0025DF82 /* Frameworks */,
				DF48353A21A5DE6D0025DF82 /* Resources */,
			);
			buildRules = (
			);
			dependencies = (
				DF48353E21A5DE6D0025DF82 /* PBXTargetDependency */,
			);
			name = CalculatorAppUITests;
			productName = CalculatorAppUITests;
			productReference = DF48353C21A5DE6D0025DF82 /* CalculatorAppUITests.xctest */;
			productType = "com.apple.product-type.bundle.ui-testing";
		};
/* End PBXNativeTarget section */

/* Begin PBXProject section */
		DF48351521A5DE6B0025DF82 /* Project object */ = {
			isa = PBXProject;
			attributes = {
				LastSwiftUpdateCheck = 1000;
				LastUpgradeCheck = 1000;
				ORGANIZATIONNAME = "Tahir sahib";
				TargetAttributes = {
					DF48351C21A5DE6B0025DF82 = {
						CreatedOnToolsVersion = 10.0;
					};
					DF48353021A5DE6D0025DF82 = {
						CreatedOnToolsVersion = 10.0;
						TestTargetID = DF48351C21A5DE6B0025DF82;
					};
					DF48353B21A5DE6D0025DF82 = {
						CreatedOnToolsVersion = 10.0;
						TestTargetID = DF48351C21A5DE6B0025DF82;
					};
				};
			};
			buildConfigurationList = DF48351821A5DE6B0025DF82 /* Build configuration list for PBXProject "CalculatorApp" */;
			compatibilityVersion = "Xcode 9.3";
			developmentRegion = en;
			hasScannedForEncodings = 0;
			knownRegions = (
				en,
				Base,
			);
			mainGroup = DF48351421A5DE6B0025DF82;
			productRefGroup = DF48351E21A5DE6B0025DF82 /* Products */;
			projectDirPath = "";
			projectRoot = "";
			targets = (
				DF48351C21A5DE6B0025DF82 /* CalculatorApp */,
				DF48353021A5DE6D0025DF82 /* CalculatorAppTests */,
				DF48353B21A5DE6D0025DF82 /* CalculatorAppUITests */,
			);
		};
/* End PBXProject section */

/* Begin PBXResourcesBuildPhase section */
		DF48351B21A5DE6B0025DF82 /* Resources */ = {
			isa = PBXResourcesBuildPhase;
			buildActionMask = 2147483647;
			files = (
				DF48352B21A5DE6C0025DF82 /* LaunchScreen.storyboard in Resources */,
				DF48352821A5DE6C0025DF82 /* Assets.xcassets in Resources */,
				DF48352621A5DE6B0025DF82 /* Main.storyboard in Resources */,
			);
			runOnlyForDeploymentPostprocessing = 0;
		};
		DF48352F21A5DE6D0025DF82 /* Resources */ = {
			isa = PBXResourcesBuildPhase;
			buildActionMask = 2147483647;
			files = (
			);
			runOnlyForDeploymentPostprocessing = 0;
		};
		DF48353A21A5DE6D0025DF82 /* Resources */ = {
			isa = PBXResourcesBuildPhase;
			buildActionMask = 2147483647;
			files = (
			);
			runOnlyForDeploymentPostprocessing = 0;
		};
/* End PBXResourcesBuildPhase section */

/* Begin PBXSourcesBuildPhase section */
		DF48351921A5DE6B0025DF82 /* Sources */ = {
			isa = PBXSourcesBuildPhase;
			buildActionMask = 2147483647;
			files = (
				DF48352321A5DE6B0025DF82 /* ViewController.swift in Sources */,
				DF48352121A5DE6B0025DF82 /* AppDelegate.swift in Sources */,
			);
			runOnlyForDeploymentPostprocessing = 0;
		};
		DF48352D21A5DE6D0025DF82 /* Sources */ = {
			isa = PBXSourcesBuildPhase;
			buildActionMask = 2147483647;
			files = (
				DF48353621A5DE6D0025DF82 /* CalculatorAppTests.swift in Sources */,
			);
			runOnlyForDeploymentPostprocessing = 0;
		};
		DF48353821A5DE6D0025DF82 /* Sources */ = {
			isa = PBXSourcesBuildPhase;
			buildActionMask = 2147483647;
			files = (
				DF48354121A5DE6D0025DF82 /* CalculatorAppUITests.swift in Sources */,
			);
			runOnlyForDeploymentPostprocessing = 0;
		};
/* End PBXSourcesBuildPhase section */

/* Begin PBXTargetDependency section */
		DF48353321A5DE6D0025DF82 /* PBXTargetDependency */ = {
			isa = PBXTargetDependency;
			target = DF48351C21A5DE6B0025DF82 /* CalculatorApp */;
			targetProxy = DF48353221A5DE6D0025DF82 /* PBXContainerItemProxy */;
		};
		DF48353E21A5DE6D0025DF82 /* PBXTargetDependency */ = {
			isa = PBXTargetDependency;
			target = DF48351C21A5DE6B0025DF82 /* CalculatorApp */;
			targetProxy = DF48353D21A5DE6D0025DF82 /* PBXContainerItemProxy */;
		};
/* End PBXTargetDependency section */

/* Begin PBXVariantGroup section */
		DF48352421A5DE6B0025DF82 /* Main.storyboard */ = {
			isa = PBXVariantGroup;
			children = (
				DF48352521A5DE6B0025DF82 /* Base */,
			);
			name = Main.storyboard;
			sourceTree = "<group>";
		};
		DF48352921A5DE6C0025DF82 /* LaunchScreen.storyboard */ = {
			isa = PBXVariantGroup;
			children = (
				DF48352A21A5DE6C0025DF82 /* Base */,
			);
			name = LaunchScreen.storyboard;
			sourceTree = "<group>";
		};
/* End PBXVariantGroup section */

/* Begin XCBuildConfiguration section */
		DF48354321A5DE6D0025DF82 /* Debug */ = {
			isa = XCBuildConfiguration;
			buildSettings = {
				ALWAYS_SEARCH_USER_PATHS = NO;
				CLANG_ANALYZER_NONNULL = YES;
				CLANG_ANALYZER_NUMBER_OBJECT_CONVERSION = YES_AGGRESSIVE;
				CLANG_CXX_LANGUAGE_STANDARD = "gnu++14";
				CLANG_CXX_LIBRARY = "libc++";
				CLANG_ENABLE_MODULES = YES;
				CLANG_ENABLE_OBJC_ARC = YES;
				CLANG_ENABLE_OBJC_WEAK = YES;
				CLANG_WARN_BLOCK_CAPTURE_AUTORELEASING = YES;
				CLANG_WARN_BOOL_CONVERSION = YES;
				CLANG_WARN_COMMA = YES;
				CLANG_WARN_CONSTANT_CONVERSION = YES;
				CLANG_WARN_DEPRECATED_OBJC_IMPLEMENTATIONS = YES;
				CLANG_WARN_DIRECT_OBJC_ISA_USAGE = YES_ERROR;
				CLANG_WARN_DOCUMENTATION_COMMENTS = YES;
				CLANG_WARN_EMPTY_BODY = YES;
				CLANG_WARN_ENUM_CONVERSION = YES;
				CLANG_WARN_INFINITE_RECURSION = YES;
				CLANG_WARN_INT_CONVERSION = YES;
				CLANG_WARN_NON_LITERAL_NULL_CONVERSION = YES;
				CLANG_WARN_OBJC_IMPLICIT_RETAIN_SELF = YES;
				CLANG_WARN_OBJC_LITERAL_CONVERSION = YES;
				CLANG_WARN_OBJC_ROOT_CLASS = YES_ERROR;
				CLANG_WARN_RANGE_LOOP_ANALYSIS = YES;
				CLANG_WARN_STRICT_PROTOTYPES = YES;
				CLANG_WARN_SUSPICIOUS_MOVE = YES;
				CLANG_WARN_UNGUARDED_AVAILABILITY = YES_AGGRESSIVE;
				CLANG_WARN_UNREACHABLE_CODE = YES;
				CLANG_WARN__DUPLICATE_METHOD_MATCH = YES;
				CODE_SIGN_IDENTITY = "iPhone Developer";
				COPY_PHASE_STRIP = NO;
				DEBUG_INFORMATION_FORMAT = dwarf;
				ENABLE_STRICT_OBJC_MSGSEND = YES;
				ENABLE_TESTABILITY = YES;
				GCC_C_LANGUAGE_STANDARD = gnu11;
				GCC_DYNAMIC_NO_PIC = NO;
				GCC_NO_COMMON_BLOCKS = YES;
				GCC_OPTIMIZATION_LEVEL = 0;
				GCC_PREPROCESSOR_DEFINITIONS = (
					"DEBUG=1",
					"$(inherited)",
				);
				GCC_WARN_64_TO_32_BIT_CONVERSION = YES;
				GCC_WARN_ABOUT_RETURN_TYPE = YES_ERROR;
				GCC_WARN_UNDECLARED_SELECTOR = YES;
				GCC_WARN_UNINITIALIZED_AUTOS = YES_AGGRESSIVE;
				GCC_WARN_UNUSED_FUNCTION = YES;
				GCC_WARN_UNUSED_VARIABLE = YES;
				IPHONEOS_DEPLOYMENT_TARGET = 12.0;
				MTL_ENABLE_DEBUG_INFO = INCLUDE_SOURCE;
				MTL_FAST_MATH = YES;
				ONLY_ACTIVE_ARCH = YES;
				SDKROOT = iphoneos;
				SWIFT_ACTIVE_COMPILATION_CONDITIONS = DEBUG;
				SWIFT_OPTIMIZATION_LEVEL = "-Onone";
			};
			name = Debug;
		};
		DF48354421A5DE6D0025DF82 /* Release */ = {
			isa = XCBuildConfiguration;
			buildSettings = {
				ALWAYS_SEARCH_USER_PATHS = NO;
				CLANG_ANALYZER_NONNULL = YES;
				CLANG_ANALYZER_NUMBER_OBJECT_CONVERSION = YES_AGGRESSIVE;
				CLANG_CXX_LANGUAGE_STANDARD = "gnu++14";
				CLANG_CXX_LIBRARY = "libc++";
				CLANG_ENABLE_MODULES = YES;
				CLANG_ENABLE_OBJC_ARC = YES;
				CLANG_ENABLE_OBJC_WEAK = YES;
				CLANG_WARN_BLOCK_CAPTURE_AUTORELEASING = YES;
				CLANG_WARN_BOOL_CONVERSION = YES;
				CLANG_WARN_COMMA = YES;
				CLANG_WARN_CONSTANT_CONVERSION = YES;
				CLANG_WARN_DEPRECATED_OBJC_IMPLEMENTATIONS = YES;
				CLANG_WARN_DIRECT_OBJC_ISA_USAGE = YES_ERROR;
				CLANG_WARN_DOCUMENTATION_COMMENTS = YES;
				CLANG_WARN_EMPTY_BODY = YES;
				CLANG_WARN_ENUM_CONVERSION = YES;
				CLANG_WARN_INFINITE_RECURSION = YES;
				CLANG_WARN_INT_CONVERSION = YES;
				CLANG_WARN_NON_LITERAL_NULL_CONVERSION = YES;
				CLANG_WARN_OBJC_IMPLICIT_RETAIN_SELF = YES;
				CLANG_WARN_OBJC_LITERAL_CONVERSION = YES;
				CLANG_WARN_OBJC_ROOT_CLASS = YES_ERROR;
				CLANG_WARN_RANGE_LOOP_ANALYSIS = YES;
				CLANG_WARN_STRICT_PROTOTYPES = YES;
				CLANG_WARN_SUSPICIOUS_MOVE = YES;
				CLANG_WARN_UNGUARDED_AVAILABILITY = YES_AGGRESSIVE;
				CLANG_WARN_UNREACHABLE_CODE = YES;
				CLANG_WARN__DUPLICATE_METHOD_MATCH = YES;
				CODE_SIGN_IDENTITY = "iPhone Developer";
				COPY_PHASE_STRIP = NO;
				DEBUG_INFORMATION_FORMAT = "dwarf-with-dsym";
				ENABLE_NS_ASSERTIONS = NO;
				ENABLE_STRICT_OBJC_MSGSEND = YES;
				GCC_C_LANGUAGE_STANDARD = gnu11;
				GCC_NO_COMMON_BLOCKS = YES;
				GCC_WARN_64_TO_32_BIT_CONVERSION = YES;
				GCC_WARN_ABOUT_RETURN_TYPE = YES_ERROR;
				GCC_WARN_UNDECLARED_SELECTOR = YES;
				GCC_WARN_UNINITIALIZED_AUTOS = YES_AGGRESSIVE;
				GCC_WARN_UNUSED_FUNCTION = YES;
				GCC_WARN_UNUSED_VARIABLE = YES;
				IPHONEOS_DEPLOYMENT_TARGET = 12.0;
				MTL_ENABLE_DEBUG_INFO = NO;
				MTL_FAST_MATH = YES;
				SDKROOT = iphoneos;
				SWIFT_COMPILATION_MODE = wholemodule;
				SWIFT_OPTIMIZATION_LEVEL = "-O";
				VALIDATE_PRODUCT = YES;
			};
			name = Release;
		};
		DF48354621A5DE6D0025DF82 /* Debug */ = {
			isa = XCBuildConfiguration;
			buildSettings = {
				ASSETCATALOG_COMPILER_APPICON_NAME = AppIcon;
				CODE_SIGN_STYLE = Automatic;
				INFOPLIST_FILE = CalculatorApp/Info.plist;
				LD_RUNPATH_SEARCH_PATHS = (
					"$(inherited)",
					"@executable_path/Frameworks",
				);
				PRODUCT_BUNDLE_IDENTIFIER = tahir.CalculatorApp;
				PRODUCT_NAME = "$(TARGET_NAME)";
				SWIFT_VERSION = 4.2;
				TARGETED_DEVICE_FAMILY = "1,2";
			};
			name = Debug;
		};
		DF48354721A5DE6D0025DF82 /* Release */ = {
			isa = XCBuildConfiguration;
			buildSettings = {
				ASSETCATALOG_COMPILER_APPICON_NAME = AppIcon;
				CODE_SIGN_STYLE = Automatic;
				INFOPLIST_FILE = CalculatorApp/Info.plist;
				LD_RUNPATH_SEARCH_PATHS = (
					"$(inherited)",
					"@executable_path/Frameworks",
				);
				PRODUCT_BUNDLE_IDENTIFIER = tahir.CalculatorApp;
				PRODUCT_NAME = "$(TARGET_NAME)";
				SWIFT_VERSION = 4.2;
				TARGETED_DEVICE_FAMILY = "1,2";
			};
			name = Release;
		};
		DF48354921A5DE6D0025DF82 /* Debug */ = {
			isa = XCBuildConfiguration;
			buildSettings = {
				ALWAYS_EMBED_SWIFT_STANDARD_LIBRARIES = YES;
				BUNDLE_LOADER = "$(TEST_HOST)";
				CODE_SIGN_STYLE = Automatic;
				INFOPLIST_FILE = CalculatorAppTests/Info.plist;
				LD_RUNPATH_SEARCH_PATHS = (
					"$(inherited)",
					"@executable_path/Frameworks",
					"@loader_path/Frameworks",
				);
				PRODUCT_BUNDLE_IDENTIFIER = tahir.CalculatorAppTests;
				PRODUCT_NAME = "$(TARGET_NAME)";
				SWIFT_VERSION = 4.2;
				TARGETED_DEVICE_FAMILY = "1,2";
				TEST_HOST = "$(BUILT_PRODUCTS_DIR)/CalculatorApp.app/CalculatorApp";
			};
			name = Debug;
		};
		DF48354A21A5DE6D0025DF82 /* Release */ = {
			isa = XCBuildConfiguration;
			buildSettings = {
				ALWAYS_EMBED_SWIFT_STANDARD_LIBRARIES = YES;
				BUNDLE_LOADER = "$(TEST_HOST)";
				CODE_SIGN_STYLE = Automatic;
				INFOPLIST_FILE = CalculatorAppTests/Info.plist;
				LD_RUNPATH_SEARCH_PATHS = (
					"$(inherited)",
					"@executable_path/Frameworks",
					"@loader_path/Frameworks",
				);
				PRODUCT_BUNDLE_IDENTIFIER = tahir.CalculatorAppTests;
				PRODUCT_NAME = "$(TARGET_NAME)";
				SWIFT_VERSION = 4.2;
				TARGETED_DEVICE_FAMILY = "1,2";
				TEST_HOST = "$(BUILT_PRODUCTS_DIR)/CalculatorApp.app/CalculatorApp";
			};
			name = Release;
		};
		DF48354C21A5DE6D0025DF82 /* Debug */ = {
			isa = XCBuildConfiguration;
			buildSettings = {
				ALWAYS_EMBED_SWIFT_STANDARD_LIBRARIES = YES;
				CODE_SIGN_STYLE = Automatic;
				INFOPLIST_FILE = CalculatorAppUITests/Info.plist;
				LD_RUNPATH_SEARCH_PATHS = (
					"$(inherited)",
					"@executable_path/Frameworks",
					"@loader_path/Frameworks",
				);
				PRODUCT_BUNDLE_IDENTIFIER = tahir.CalculatorAppUITests;
				PRODUCT_NAME = "$(TARGET_NAME)";
				SWIFT_VERSION = 4.2;
				TARGETED_DEVICE_FAMILY = "1,2";
				TEST_TARGET_NAME = CalculatorApp;
			};
			name = Debug;
		};
		DF48354D21A5DE6D0025DF82 /* Release */ = {
			isa = XCBuildConfiguration;
			buildSettings = {
				ALWAYS_EMBED_SWIFT_STANDARD_LIBRARIES = YES;
				CODE_SIGN_STYLE = Automatic;
				INFOPLIST_FILE = CalculatorAppUITests/Info.plist;
				LD_RUNPATH_SEARCH_PATHS = (
					"$(inherited)",
					"@executable_path/Frameworks",
					"@loader_path/Frameworks",
				);
				PRODUCT_BUNDLE_IDENTIFIER = tahir.CalculatorAppUITests;
				PRODUCT_NAME = "$(TARGET_NAME)";
				SWIFT_VERSION = 4.2;
				TARGETED_DEVICE_FAMILY = "1,2";
				TEST_TARGET_NAME = CalculatorApp;
			};
			name = Release;
		};
/* End XCBuildConfiguration section */

/* Begin XCConfigurationList section */
		DF48351821A5DE6B0025DF82 /* Build configuration list for PBXProject "CalculatorApp" */ = {
			isa = XCConfigurationList;
			buildConfigurations = (
				DF48354321A5DE6D0025DF82 /* Debug */,
				DF48354421A5DE6D0025DF82 /* Release */,
			);
			defaultConfigurationIsVisible = 0;
			defaultConfigurationName = Release;
		};
		DF48354521A5DE6D0025DF82 /* Build configuration list for PBXNativeTarget "CalculatorApp" */ = {
			isa = XCConfigurationList;
			buildConfigurations = (
				DF48354621A5DE6D0025DF82 /* Debug */,
				DF48354721A5DE6D0025DF82 /* Release */,
			);
			defaultConfigurationIsVisible = 0;
			defaultConfigurationName = Release;
		};
		DF48354821A5DE6D0025DF82 /* Build configuration list for PBXNativeTarget "CalculatorAppTests" */ = {
			isa = XCConfigurationList;
			buildConfigurations = (
				DF48354921A5DE6D0025DF82 /* Debug */,
				DF48354A21A5DE6D0025DF82 /* Release */,
			);
			defaultConfigurationIsVisible = 0;
			defaultConfigurationName = Release;
		};
		DF48354B21A5DE6D0025DF82 /* Build configuration list for PBXNativeTarget "CalculatorAppUITests" */ = {
			isa = XCConfigurationList;
			buildConfigurations = (
				DF48354C21A5DE6D0025DF82 /* Debug */,
				DF48354D21A5DE6D0025DF82 /* Release */,
			);
			defaultConfigurationIsVisible = 0;
			defaultConfigurationName = Release;
		};
/* End XCConfigurationList section */
	};
	rootObject = DF48351521A5DE6B0025DF82 /* Project object */;
}
